
Microsoft Visual Studio Solution File, Format Version 12.00
# Visual Studio Version 17
VisualStudioVersion = 17.8.34309.116
MinimumVisualStudioVersion = 10.0.40219.1
Project("{FAE04EC0-301F-11D3-BF4B-00C04F79EFBC}") = "LabyrinthOfTheDamned", "LabyrinthOfTheDamned\LabyrinthOfTheDamned.csproj", "{5897500C-883C-4F33-8AA9-7AD0086D54AA}"
EndProject
Global
	GlobalSection(SolutionConfigurationPlatforms) = preSolution
		Debug|Any CPU = Debug|Any CPU
		Release|Any CPU = Release|Any CPU
	EndGlobalSection
	GlobalSection(ProjectConfigurationPlatforms) = postSolution
		{5897500C-883C-4F33-8AA9-7AD0086D54AA}.Debug|Any CPU.ActiveCfg = Debug|Any CPU
		{5897500C-883C-4F33-8AA9-7AD0086D54AA}.Debug|Any CPU.Build.0 = Debug|Any CPU
		{5897500C-883C-4F33-8AA9-7AD0086D54AA}.Release|Any CPU.ActiveCfg = Release|Any CPU
		{5897500C-883C-4F33-8AA9-7AD0086D54AA}.Release|Any CPU.Build.0 = Release|Any CPU
	EndGlobalSection
	GlobalSection(SolutionProperties) = preSolution
		HideSolutionNode = FALSE
	EndGlobalSection
	GlobalSection(ExtensibilityGlobals) = postSolution
		SolutionGuid = {14E91ECC-41BE-41CF-8568-956F4FB9EA2D}
	EndGlobalSection
EndGlobal
